
Microsoft Visual Studio Solution File, Format Version 12.00
# Visual Studio 2012
Project("{8BC9CEB8-8B4A-11D0-8D11-00A0C91BC942}") = "amp_test", "amp_test.vcxproj", "{DED2CE79-1B0C-4BA0-8CDD-A414025D2EC6}"
EndProject
Global
	GlobalSection(SolutionConfigurationPlatforms) = preSolution
		Debug|Win32 = Debug|Win32
		Release|Win32 = Release|Win32
	EndGlobalSection
	GlobalSection(ProjectConfigurationPlatforms) = postSolution
		{DED2CE79-1B0C-4BA0-8CDD-A414025D2EC6}.Debug|Win32.ActiveCfg = Debug|Win32
		{DED2CE79-1B0C-4BA0-8CDD-A414025D2EC6}.Debug|Win32.Build.0 = Debug|Win32
		{DED2CE79-1B0C-4BA0-8CDD-A414025D2EC6}.Release|Win32.ActiveCfg = Release|Win32
		{DED2CE79-1B0C-4BA0-8CDD-A414025D2EC6}.Release|Win32.Build.0 = Release|Win32
	EndGlobalSection
	GlobalSection(SolutionProperties) = preSolution
		HideSolutionNode = FALSE
	EndGlobalSection
	GlobalSection(Performance) = preSolution
		HasPerformanceSessions = true
	EndGlobalSection
EndGlobal
