<?xml version="1.0" encoding="utf-8"?>
<Project ToolsVersion="4.0" xmlns="http://schemas.microsoft.com/developer/msbuild/2003">
  <ItemGroup>
    <Filter Include="App">
      <UniqueIdentifier>{9adf9407-68cb-41da-bfac-6e5302b48803}</UniqueIdentifier>
    </Filter>
    <Filter Include="TempLogic">
      <UniqueIdentifier>{d97fcd18-2338-466e-8f58-c4a86d0f7211}</UniqueIdentifier>
    </Filter>
    <Filter Include="Entity System">
      <UniqueIdentifier>{f5e22b82-edd9-4de8-b738-c4b76f8178df}</UniqueIdentifier>
    </Filter>
    <Filter Include="Entity System\Physics">
      <UniqueIdentifier>{2ec90c05-e9e7-47f9-9b2c-425b9e808de9}</UniqueIdentifier>
    </Filter>
    <Filter Include="Entity System\Rendering">
      <UniqueIdentifier>{6c2284ad-8ba9-47c1-8569-b76a670d1d9f}</UniqueIdentifier>
    </Filter>
  </ItemGroup>
  <ItemGroup>
    <ClInclude Include="App.h">
      <Filter>App</Filter>
    </ClInclude>
    <ClInclude Include="Camera.h">
      <Filter>TempLogic</Filter>
    </ClInclude>
    <ClInclude Include="TempController.h">
      <Filter>TempLogic</Filter>
    </ClInclude>
    <ClInclude Include="PositionSystem.h">
      <Filter>Entity System</Filter>
    </ClInclude>
    <ClInclude Include="RigidBodyComponent.h">
      <Filter>Entity System\Physics</Filter>
    </ClInclude>
    <ClInclude Include="TransformComponent.h">
      <Filter>Entity System</Filter>
    </ClInclude>
    <ClInclude Include="RigidBodySystem.h">
      <Filter>Entity System\Physics</Filter>
    </ClInclude>
    <ClInclude Include="RenderComponent.h">
      <Filter>Entity System\Rendering</Filter>
    </ClInclude>
  </ItemGroup>
  <ItemGroup>
    <ClCompile Include="App.cpp">
      <Filter>App</Filter>
    </ClCompile>
    <ClCompile Include="Camera.cpp">
      <Filter>TempLogic</Filter>
    </ClCompile>
    <ClCompile Include="TempController.cpp">
      <Filter>TempLogic</Filter>
    </ClCompile>
    <ClCompile Include="main.cpp" />
  </ItemGroup>
</Project>