<?xml version="1.0" encoding="utf-8"?>
<Project ToolsVersion="12.0" xmlns="http://schemas.microsoft.com/developer/msbuild/2003">
  <ItemGroup>
    <ClCompile Include="D:\Downloads\bullet-2.82-r2704 (1)\bullet-2.82-r2704\src\BulletSoftBody\btSoftBody.cpp">
      <Filter>Source Files</Filter>
    </ClCompile>
    <ClCompile Include="D:\Downloads\bullet-2.82-r2704 (1)\bullet-2.82-r2704\src\BulletSoftBody\btSoftBodyConcaveCollisionAlgorithm.cpp">
      <Filter>Source Files</Filter>
    </ClCompile>
    <ClCompile Include="D:\Downloads\bullet-2.82-r2704 (1)\bullet-2.82-r2704\src\BulletSoftBody\btSoftBodyHelpers.cpp">
      <Filter>Source Files</Filter>
    </ClCompile>
    <ClCompile Include="D:\Downloads\bullet-2.82-r2704 (1)\bullet-2.82-r2704\src\BulletSoftBody\btSoftBodyRigidBodyCollisionConfiguration.cpp">
      <Filter>Source Files</Filter>
    </ClCompile>
    <ClCompile Include="D:\Downloads\bullet-2.82-r2704 (1)\bullet-2.82-r2704\src\BulletSoftBody\btSoftRigidCollisionAlgorithm.cpp">
      <Filter>Source Files</Filter>
    </ClCompile>
    <ClCompile Include="D:\Downloads\bullet-2.82-r2704 (1)\bullet-2.82-r2704\src\BulletSoftBody\btSoftRigidDynamicsWorld.cpp">
      <Filter>Source Files</Filter>
    </ClCompile>
    <ClCompile Include="D:\Downloads\bullet-2.82-r2704 (1)\bullet-2.82-r2704\src\BulletSoftBody\btSoftSoftCollisionAlgorithm.cpp">
      <Filter>Source Files</Filter>
    </ClCompile>
    <ClCompile Include="D:\Downloads\bullet-2.82-r2704 (1)\bullet-2.82-r2704\src\BulletSoftBody\btDefaultSoftBodySolver.cpp">
      <Filter>Source Files</Filter>
    </ClCompile>
  </ItemGroup>
  <ItemGroup>
    <ClInclude Include="D:\Downloads\bullet-2.82-r2704 (1)\bullet-2.82-r2704\src\BulletSoftBody\btSoftBody.h">
      <Filter>Header Files</Filter>
    </ClInclude>
    <ClInclude Include="D:\Downloads\bullet-2.82-r2704 (1)\bullet-2.82-r2704\src\BulletSoftBody\btSoftBodyData.h">
      <Filter>Header Files</Filter>
    </ClInclude>
    <ClInclude Include="D:\Downloads\bullet-2.82-r2704 (1)\bullet-2.82-r2704\src\BulletSoftBody\btSoftBodyConcaveCollisionAlgorithm.h">
      <Filter>Header Files</Filter>
    </ClInclude>
    <ClInclude Include="D:\Downloads\bullet-2.82-r2704 (1)\bullet-2.82-r2704\src\BulletSoftBody\btSoftBodyHelpers.h">
      <Filter>Header Files</Filter>
    </ClInclude>
    <ClInclude Include="D:\Downloads\bullet-2.82-r2704 (1)\bullet-2.82-r2704\src\BulletSoftBody\btSoftBodyRigidBodyCollisionConfiguration.h">
      <Filter>Header Files</Filter>
    </ClInclude>
    <ClInclude Include="D:\Downloads\bullet-2.82-r2704 (1)\bullet-2.82-r2704\src\BulletSoftBody\btSoftRigidCollisionAlgorithm.h">
      <Filter>Header Files</Filter>
    </ClInclude>
    <ClInclude Include="D:\Downloads\bullet-2.82-r2704 (1)\bullet-2.82-r2704\src\BulletSoftBody\btSoftRigidDynamicsWorld.h">
      <Filter>Header Files</Filter>
    </ClInclude>
    <ClInclude Include="D:\Downloads\bullet-2.82-r2704 (1)\bullet-2.82-r2704\src\BulletSoftBody\btSoftSoftCollisionAlgorithm.h">
      <Filter>Header Files</Filter>
    </ClInclude>
    <ClInclude Include="D:\Downloads\bullet-2.82-r2704 (1)\bullet-2.82-r2704\src\BulletSoftBody\btSparseSDF.h">
      <Filter>Header Files</Filter>
    </ClInclude>
    <ClInclude Include="D:\Downloads\bullet-2.82-r2704 (1)\bullet-2.82-r2704\src\BulletSoftBody\btSoftBodySolvers.h">
      <Filter>Header Files</Filter>
    </ClInclude>
    <ClInclude Include="D:\Downloads\bullet-2.82-r2704 (1)\bullet-2.82-r2704\src\BulletSoftBody\btDefaultSoftBodySolver.h">
      <Filter>Header Files</Filter>
    </ClInclude>
    <ClInclude Include="D:\Downloads\bullet-2.82-r2704 (1)\bullet-2.82-r2704\src\BulletSoftBody\btSoftBodySolverVertexBuffer.h">
      <Filter>Header Files</Filter>
    </ClInclude>
  </ItemGroup>
  <ItemGroup>
    <CustomBuild Include="D:\Downloads\bullet-2.82-r2704 (1)\bullet-2.82-r2704\src\BulletSoftBody\CMakeLists.txt" />
  </ItemGroup>
  <ItemGroup>
    <Filter Include="Source Files">
      <UniqueIdentifier>{DE068F96-EEB2-421F-91B9-A3E29E168AD0}</UniqueIdentifier>
    </Filter>
    <Filter Include="Header Files">
      <UniqueIdentifier>{313E2D32-5F14-4865-8937-9D6E67CF7D16}</UniqueIdentifier>
    </Filter>
  </ItemGroup>
</Project>
