<?xml version="1.0" encoding="utf-8"?>
<Project ToolsVersion="12.0" xmlns="http://schemas.microsoft.com/developer/msbuild/2003">
  <ItemGroup>
    <CustomBuild Include="..\..\CMakeFiles\1e9e9fe555c5c94683708580387c0204\INSTALL_force.rule">
      <Filter>CMake Rules</Filter>
    </CustomBuild>
  </ItemGroup>
  <ItemGroup>
    <Filter Include="CMake Rules">
      <UniqueIdentifier>{97D96890-A186-4E4B-9A27-DFDC0712B35B}</UniqueIdentifier>
    </Filter>
  </ItemGroup>
</Project>
